
Microsoft Visual Studio Solution File, Format Version 12.00
# Visual Studio Version 17
VisualStudioVersion = 17.14.36429.23 d17.14
MinimumVisualStudioVersion = 10.0.40219.1
Project("{FAE04EC0-301F-11D3-BF4B-00C04F79EFBC}") = "DPCT5_1_Singleton", "DPCT5_1_Singleton\DPCT5_1_Singleton.csproj", "{17429262-8C58-43AB-93E2-9518FE8C04C2}"
EndProject
Global
	GlobalSection(SolutionConfigurationPlatforms) = preSolution
		Debug|Any CPU = Debug|Any CPU
		Release|Any CPU = Release|Any CPU
	EndGlobalSection
	GlobalSection(ProjectConfigurationPlatforms) = postSolution
		{17429262-8C58-43AB-93E2-9518FE8C04C2}.Debug|Any CPU.ActiveCfg = Debug|Any CPU
		{17429262-8C58-43AB-93E2-9518FE8C04C2}.Debug|Any CPU.Build.0 = Debug|Any CPU
		{17429262-8C58-43AB-93E2-9518FE8C04C2}.Release|Any CPU.ActiveCfg = Release|Any CPU
		{17429262-8C58-43AB-93E2-9518FE8C04C2}.Release|Any CPU.Build.0 = Release|Any CPU
	EndGlobalSection
	GlobalSection(SolutionProperties) = preSolution
		HideSolutionNode = FALSE
	EndGlobalSection
	GlobalSection(ExtensibilityGlobals) = postSolution
		SolutionGuid = {C5A5CB9F-7A7F-4806-9CB0-67EF58FE7D10}
	EndGlobalSection
EndGlobal
