
Microsoft Visual Studio Solution File, Format Version 12.00
# Visual Studio Version 17
VisualStudioVersion = 17.14.36429.23 d17.14
MinimumVisualStudioVersion = 10.0.40219.1
Project("{FAE04EC0-301F-11D3-BF4B-00C04F79EFBC}") = "W05_Client_Server", "W05_Client_Server\W05_Client_Server.csproj", "{0BC5B0ED-8B5D-4DC0-B1CF-EA058ABBE9BB}"
EndProject
Global
	GlobalSection(SolutionConfigurationPlatforms) = preSolution
		Debug|Any CPU = Debug|Any CPU
		Release|Any CPU = Release|Any CPU
	EndGlobalSection
	GlobalSection(ProjectConfigurationPlatforms) = postSolution
		{0BC5B0ED-8B5D-4DC0-B1CF-EA058ABBE9BB}.Debug|Any CPU.ActiveCfg = Debug|Any CPU
		{0BC5B0ED-8B5D-4DC0-B1CF-EA058ABBE9BB}.Debug|Any CPU.Build.0 = Debug|Any CPU
		{0BC5B0ED-8B5D-4DC0-B1CF-EA058ABBE9BB}.Release|Any CPU.ActiveCfg = Release|Any CPU
		{0BC5B0ED-8B5D-4DC0-B1CF-EA058ABBE9BB}.Release|Any CPU.Build.0 = Release|Any CPU
	EndGlobalSection
	GlobalSection(SolutionProperties) = preSolution
		HideSolutionNode = FALSE
	EndGlobalSection
	GlobalSection(ExtensibilityGlobals) = postSolution
		SolutionGuid = {E4CA572A-A320-46CF-923E-1694B20766D3}
	EndGlobalSection
EndGlobal
